// !$*UTF8*$!
{
	archiveVersion = 1;
	classes = {
	};
	objectVersion = 56;
	objects = {

/* Begin PBXBuildFile section */
		D46813FA2922D5F3009D9290 /* BackgroundRemoval in Frameworks */ = {isa = PBXBuildFile; productRef = D46813F92922D5F3009D9290 /* BackgroundRemoval */; };
		D4F5B15E292153FF00362105 /* AppDelegate.swift in Sources */ = {isa = PBXBuildFile; fileRef = D4F5B15D292153FF00362105 /* AppDelegate.swift */; };
		D4F5B160292153FF00362105 /* SceneDelegate.swift in Sources */ = {isa = PBXBuildFile; fileRef = D4F5B15F292153FF00362105 /* SceneDelegate.swift */; };
		D4F5B162292153FF00362105 /* MainViewController.swift in Sources */ = {isa = PBXBuildFile; fileRef = D4F5B161292153FF00362105 /* MainViewController.swift */; };
		D4F5B165292153FF00362105 /* Main.storyboard in Resources */ = {isa = PBXBuildFile; fileRef = D4F5B163292153FF00362105 /* Main.storyboard */; };
		D4F5B1672921540000362105 /* Assets.xcassets in Resources */ = {isa = PBXBuildFile; fileRef = D4F5B1662921540000362105 /* Assets.xcassets */; };
		D4F5B16A2921540000362105 /* LaunchScreen.storyboard in Resources */ = {isa = PBXBuildFile; fileRef = D4F5B1682921540000362105 /* LaunchScreen.storyboard */; };
		D4F5B1732921552900362105 /* FYPhoto in Frameworks */ = {isa = PBXBuildFile; productRef = D4F5B1722921552900362105 /* FYPhoto */; };
		D4F5B17529215F6D00362105 /* VideoPlayer.swift in Sources */ = {isa = PBXBuildFile; fileRef = D4F5B17429215F6D00362105 /* VideoPlayer.swift */; };
		D4F5B1772921710800362105 /* Extensions.swift in Sources */ = {isa = PBXBuildFile; fileRef = D4F5B1762921710800362105 /* Extensions.swift */; };
/* End PBXBuildFile section */

/* Begin PBXFileReference section */
		D4F5B15A292153FF00362105 /* ClipCrop.app */ = {isa = PBXFileReference; explicitFileType = wrapper.application; includeInIndex = 0; path = ClipCrop.app; sourceTree = BUILT_PRODUCTS_DIR; };
		D4F5B15D292153FF00362105 /* AppDelegate.swift */ = {isa = PBXFileReference; lastKnownFileType = sourcecode.swift; path = AppDelegate.swift; sourceTree = "<group>"; };
		D4F5B15F292153FF00362105 /* SceneDelegate.swift */ = {isa = PBXFileReference; lastKnownFileType = sourcecode.swift; path = SceneDelegate.swift; sourceTree = "<group>"; };
		D4F5B161292153FF00362105 /* MainViewController.swift */ = {isa = PBXFileReference; lastKnownFileType = sourcecode.swift; path = MainViewController.swift; sourceTree = "<group>"; };
		D4F5B164292153FF00362105 /* Base */ = {isa = PBXFileReference; lastKnownFileType = file.storyboard; name = Base; path = Base.lproj/Main.storyboard; sourceTree = "<group>"; };
		D4F5B1662921540000362105 /* Assets.xcassets */ = {isa = PBXFileReference; lastKnownFileType = folder.assetcatalog; path = Assets.xcassets; sourceTree = "<group>"; };
		D4F5B1692921540000362105 /* Base */ = {isa = PBXFileReference; lastKnownFileType = file.storyboard; name = Base; path = Base.lproj/LaunchScreen.storyboard; sourceTree = "<group>"; };
		D4F5B16B2921540000362105 /* Info.plist */ = {isa = PBXFileReference; lastKnownFileType = text.plist.xml; path = Info.plist; sourceTree = "<group>"; };
		D4F5B17429215F6D00362105 /* VideoPlayer.swift */ = {isa = PBXFileReference; lastKnownFileType = sourcecode.swift; path = VideoPlayer.swift; sourceTree = "<group>"; };
		D4F5B1762921710800362105 /* Extensions.swift */ = {isa = PBXFileReference; lastKnownFileType = sourcecode.swift; path = Extensions.swift; sourceTree = "<group>"; };
/* End PBXFileReference section */

/* Begin PBXFrameworksBuildPhase section */
		D4F5B157292153FF00362105 /* Frameworks */ = {
			isa = PBXFrameworksBuildPhase;
			buildActionMask = 2147483647;
			files = (
				D4F5B1732921552900362105 /* FYPhoto in Frameworks */,
				D46813FA2922D5F3009D9290 /* BackgroundRemoval in Frameworks */,
			);
			runOnlyForDeploymentPostprocessing = 0;
		};
/* End PBXFrameworksBuildPhase section */

/* Begin PBXGroup section */
		D46813FB2922ECA4009D9290 /* System */ = {
			isa = PBXGroup;
			children = (
				D4F5B15D292153FF00362105 /* AppDelegate.swift */,
				D4F5B15F292153FF00362105 /* SceneDelegate.swift */,
				D4F5B16B2921540000362105 /* Info.plist */,
			);
			path = System;
			sourceTree = "<group>";
		};
		D46813FC2922EF6D009D9290 /* Controllers */ = {
			isa = PBXGroup;
			children = (
				D4F5B161292153FF00362105 /* MainViewController.swift */,
				D4F5B17429215F6D00362105 /* VideoPlayer.swift */,
			);
			path = Controllers;
			sourceTree = "<group>";
		};
		D4F5B151292153FF00362105 = {
			isa = PBXGroup;
			children = (
				D4F5B15C292153FF00362105 /* ClipCrop */,
				D4F5B15B292153FF00362105 /* Products */,
			);
			sourceTree = "<group>";
		};
		D4F5B15B292153FF00362105 /* Products */ = {
			isa = PBXGroup;
			children = (
				D4F5B15A292153FF00362105 /* ClipCrop.app */,
			);
			name = Products;
			sourceTree = "<group>";
		};
		D4F5B15C292153FF00362105 /* ClipCrop */ = {
			isa = PBXGroup;
			children = (
				D46813FC2922EF6D009D9290 /* Controllers */,
				D46813FB2922ECA4009D9290 /* System */,
				D4F5B17B2921731000362105 /* Extensions */,
				D4F5B163292153FF00362105 /* Main.storyboard */,
				D4F5B1662921540000362105 /* Assets.xcassets */,
				D4F5B1682921540000362105 /* LaunchScreen.storyboard */,
			);
			path = ClipCrop;
			sourceTree = "<group>";
		};
		D4F5B17B2921731000362105 /* Extensions */ = {
			isa = PBXGroup;
			children = (
				D4F5B1762921710800362105 /* Extensions.swift */,
			);
			path = Extensions;
			sourceTree = "<group>";
		};
/* End PBXGroup section */

/* Begin PBXNativeTarget section */
		D4F5B159292153FF00362105 /* ClipCrop */ = {
			isa = PBXNativeTarget;
			buildConfigurationList = D4F5B16E2921540000362105 /* Build configuration list for PBXNativeTarget "ClipCrop" */;
			buildPhases = (
				D4F5B156292153FF00362105 /* Sources */,
				D4F5B157292153FF00362105 /* Frameworks */,
				D4F5B158292153FF00362105 /* Resources */,
			);
			buildRules = (
			);
			dependencies = (
			);
			name = ClipCrop;
			packageProductDependencies = (
				D4F5B1722921552900362105 /* FYPhoto */,
				D46813F92922D5F3009D9290 /* BackgroundRemoval */,
			);
			productName = ClipCrop;
			productReference = D4F5B15A292153FF00362105 /* ClipCrop.app */;
			productType = "com.apple.product-type.application";
		};
/* End PBXNativeTarget section */

/* Begin PBXProject section */
		D4F5B152292153FF00362105 /* Project object */ = {
			isa = PBXProject;
			attributes = {
				BuildIndependentTargetsInParallel = 1;
				LastSwiftUpdateCheck = 1410;
				LastUpgradeCheck = 1410;
				TargetAttributes = {
					D4F5B159292153FF00362105 = {
						CreatedOnToolsVersion = 14.1;
					};
				};
			};
			buildConfigurationList = D4F5B155292153FF00362105 /* Build configuration list for PBXProject "ClipCrop" */;
			compatibilityVersion = "Xcode 14.0";
			developmentRegion = en;
			hasScannedForEncodings = 0;
			knownRegions = (
				en,
				Base,
			);
			mainGroup = D4F5B151292153FF00362105;
			packageReferences = (
				D4F5B1712921552900362105 /* XCRemoteSwiftPackageReference "FYPhoto" */,
				D46813F82922D5F3009D9290 /* XCRemoteSwiftPackageReference "BackgroundRemoval" */,
			);
			productRefGroup = D4F5B15B292153FF00362105 /* Products */;
			projectDirPath = "";
			projectRoot = "";
			targets = (
				D4F5B159292153FF00362105 /* ClipCrop */,
			);
		};
/* End PBXProject section */

/* Begin PBXResourcesBuildPhase section */
		D4F5B158292153FF00362105 /* Resources */ = {
			isa = PBXResourcesBuildPhase;
			buildActionMask = 2147483647;
			files = (
				D4F5B16A2921540000362105 /* LaunchScreen.storyboard in Resources */,
				D4F5B1672921540000362105 /* Assets.xcassets in Resources */,
				D4F5B165292153FF00362105 /* Main.storyboard in Resources */,
			);
			runOnlyForDeploymentPostprocessing = 0;
		};
/* End PBXResourcesBuildPhase section */

/* Begin PBXSourcesBuildPhase section */
		D4F5B156292153FF00362105 /* Sources */ = {
			isa = PBXSourcesBuildPhase;
			buildActionMask = 2147483647;
			files = (
				D4F5B1772921710800362105 /* Extensions.swift in Sources */,
				D4F5B17529215F6D00362105 /* VideoPlayer.swift in Sources */,
				D4F5B162292153FF00362105 /* MainViewController.swift in Sources */,
				D4F5B15E292153FF00362105 /* AppDelegate.swift in Sources */,
				D4F5B160292153FF00362105 /* SceneDelegate.swift in Sources */,
			);
			runOnlyForDeploymentPostprocessing = 0;
		};
/* End PBXSourcesBuildPhase section */

/* Begin PBXVariantGroup section */
		D4F5B163292153FF00362105 /* Main.storyboard */ = {
			isa = PBXVariantGroup;
			children = (
				D4F5B164292153FF00362105 /* Base */,
			);
			name = Main.storyboard;
			sourceTree = "<group>";
		};
		D4F5B1682921540000362105 /* LaunchScreen.storyboard */ = {
			isa = PBXVariantGroup;
			children = (
				D4F5B1692921540000362105 /* Base */,
			);
			name = LaunchScreen.storyboard;
			sourceTree = "<group>";
		};
/* End PBXVariantGroup section */

/* Begin XCBuildConfiguration section */
		D4F5B16C2921540000362105 /* Debug */ = {
			isa = XCBuildConfiguration;
			buildSettings = {
				ALWAYS_SEARCH_USER_PATHS = NO;
				CLANG_ANALYZER_NONNULL = YES;
				CLANG_ANALYZER_NUMBER_OBJECT_CONVERSION = YES_AGGRESSIVE;
				CLANG_CXX_LANGUAGE_STANDARD = "gnu++20";
				CLANG_ENABLE_MODULES = YES;
				CLANG_ENABLE_OBJC_ARC = YES;
				CLANG_ENABLE_OBJC_WEAK = YES;
				CLANG_WARN_BLOCK_CAPTURE_AUTORELEASING = YES;
				CLANG_WARN_BOOL_CONVERSION = YES;
				CLANG_WARN_COMMA = YES;
				CLANG_WARN_CONSTANT_CONVERSION = YES;
				CLANG_WARN_DEPRECATED_OBJC_IMPLEMENTATIONS = YES;
				CLANG_WARN_DIRECT_OBJC_ISA_USAGE = YES_ERROR;
				CLANG_WARN_DOCUMENTATION_COMMENTS = YES;
				CLANG_WARN_EMPTY_BODY = YES;
				CLANG_WARN_ENUM_CONVERSION = YES;
				CLANG_WARN_INFINITE_RECURSION = YES;
				CLANG_WARN_INT_CONVERSION = YES;
				CLANG_WARN_NON_LITERAL_NULL_CONVERSION = YES;
				CLANG_WARN_OBJC_IMPLICIT_RETAIN_SELF = YES;
				CLANG_WARN_OBJC_LITERAL_CONVERSION = YES;
				CLANG_WARN_OBJC_ROOT_CLASS = YES_ERROR;
				CLANG_WARN_QUOTED_INCLUDE_IN_FRAMEWORK_HEADER = YES;
				CLANG_WARN_RANGE_LOOP_ANALYSIS = YES;
				CLANG_WARN_STRICT_PROTOTYPES = YES;
				CLANG_WARN_SUSPICIOUS_MOVE = YES;
				CLANG_WARN_UNGUARDED_AVAILABILITY = YES_AGGRESSIVE;
				CLANG_WARN_UNREACHABLE_CODE = YES;
				CLANG_WARN__DUPLICATE_METHOD_MATCH = YES;
				COPY_PHASE_STRIP = NO;
				DEBUG_INFORMATION_FORMAT = dwarf;
				ENABLE_STRICT_OBJC_MSGSEND = YES;
				ENABLE_TESTABILITY = YES;
				GCC_C_LANGUAGE_STANDARD = gnu11;
				GCC_DYNAMIC_NO_PIC = NO;
				GCC_NO_COMMON_BLOCKS = YES;
				GCC_OPTIMIZATION_LEVEL = 0;
				GCC_PREPROCESSOR_DEFINITIONS = (
					"DEBUG=1",
					"$(inherited)",
				);
				GCC_WARN_64_TO_32_BIT_CONVERSION = YES;
				GCC_WARN_ABOUT_RETURN_TYPE = YES_ERROR;
				GCC_WARN_UNDECLARED_SELECTOR = YES;
				GCC_WARN_UNINITIALIZED_AUTOS = YES_AGGRESSIVE;
				GCC_WARN_UNUSED_FUNCTION = YES;
				GCC_WARN_UNUSED_VARIABLE = YES;
				IPHONEOS_DEPLOYMENT_TARGET = 16.1;
				MTL_ENABLE_DEBUG_INFO = INCLUDE_SOURCE;
				MTL_FAST_MATH = YES;
				ONLY_ACTIVE_ARCH = YES;
				SDKROOT = iphoneos;
				SWIFT_ACTIVE_COMPILATION_CONDITIONS = DEBUG;
				SWIFT_OPTIMIZATION_LEVEL = "-Onone";
			};
			name = Debug;
		};
		D4F5B16D2921540000362105 /* Release */ = {
			isa = XCBuildConfiguration;
			buildSettings = {
				ALWAYS_SEARCH_USER_PATHS = NO;
				CLANG_ANALYZER_NONNULL = YES;
				CLANG_ANALYZER_NUMBER_OBJECT_CONVERSION = YES_AGGRESSIVE;
				CLANG_CXX_LANGUAGE_STANDARD = "gnu++20";
				CLANG_ENABLE_MODULES = YES;
				CLANG_ENABLE_OBJC_ARC = YES;
				CLANG_ENABLE_OBJC_WEAK = YES;
				CLANG_WARN_BLOCK_CAPTURE_AUTORELEASING = YES;
				CLANG_WARN_BOOL_CONVERSION = YES;
				CLANG_WARN_COMMA = YES;
				CLANG_WARN_CONSTANT_CONVERSION = YES;
				CLANG_WARN_DEPRECATED_OBJC_IMPLEMENTATIONS = YES;
				CLANG_WARN_DIRECT_OBJC_ISA_USAGE = YES_ERROR;
				CLANG_WARN_DOCUMENTATION_COMMENTS = YES;
				CLANG_WARN_EMPTY_BODY = YES;
				CLANG_WARN_ENUM_CONVERSION = YES;
				CLANG_WARN_INFINITE_RECURSION = YES;
				CLANG_WARN_INT_CONVERSION = YES;
				CLANG_WARN_NON_LITERAL_NULL_CONVERSION = YES;
				CLANG_WARN_OBJC_IMPLICIT_RETAIN_SELF = YES;
				CLANG_WARN_OBJC_LITERAL_CONVERSION = YES;
				CLANG_WARN_OBJC_ROOT_CLASS = YES_ERROR;
				CLANG_WARN_QUOTED_INCLUDE_IN_FRAMEWORK_HEADER = YES;
				CLANG_WARN_RANGE_LOOP_ANALYSIS = YES;
				CLANG_WARN_STRICT_PROTOTYPES = YES;
				CLANG_WARN_SUSPICIOUS_MOVE = YES;
				CLANG_WARN_UNGUARDED_AVAILABILITY = YES_AGGRESSIVE;
				CLANG_WARN_UNREACHABLE_CODE = YES;
				CLANG_WARN__DUPLICATE_METHOD_MATCH = YES;
				COPY_PHASE_STRIP = NO;
				DEBUG_INFORMATION_FORMAT = "dwarf-with-dsym";
				ENABLE_NS_ASSERTIONS = NO;
				ENABLE_STRICT_OBJC_MSGSEND = YES;
				GCC_C_LANGUAGE_STANDARD = gnu11;
				GCC_NO_COMMON_BLOCKS = YES;
				GCC_WARN_64_TO_32_BIT_CONVERSION = YES;
				GCC_WARN_ABOUT_RETURN_TYPE = YES_ERROR;
				GCC_WARN_UNDECLARED_SELECTOR = YES;
				GCC_WARN_UNINITIALIZED_AUTOS = YES_AGGRESSIVE;
				GCC_WARN_UNUSED_FUNCTION = YES;
				GCC_WARN_UNUSED_VARIABLE = YES;
				IPHONEOS_DEPLOYMENT_TARGET = 16.1;
				MTL_ENABLE_DEBUG_INFO = NO;
				MTL_FAST_MATH = YES;
				SDKROOT = iphoneos;
				SWIFT_COMPILATION_MODE = wholemodule;
				SWIFT_OPTIMIZATION_LEVEL = "-O";
				VALIDATE_PRODUCT = YES;
			};
			name = Release;
		};
		D4F5B16F2921540000362105 /* Debug */ = {
			isa = XCBuildConfiguration;
			buildSettings = {
				ASSETCATALOG_COMPILER_APPICON_NAME = AppIcon;
				ASSETCATALOG_COMPILER_GLOBAL_ACCENT_COLOR_NAME = AccentColor;
				CODE_SIGN_STYLE = Automatic;
				CURRENT_PROJECT_VERSION = 1;
				DEVELOPMENT_TEAM = Q8998CJRX2;
				GENERATE_INFOPLIST_FILE = YES;
				INFOPLIST_FILE = ClipCrop/System/Info.plist;
				INFOPLIST_KEY_UIApplicationSupportsIndirectInputEvents = YES;
				INFOPLIST_KEY_UILaunchStoryboardName = LaunchScreen;
				INFOPLIST_KEY_UIMainStoryboardFile = Main;
				INFOPLIST_KEY_UISupportedInterfaceOrientations_iPad = "UIInterfaceOrientationPortrait UIInterfaceOrientationPortraitUpsideDown UIInterfaceOrientationLandscapeLeft UIInterfaceOrientationLandscapeRight";
				INFOPLIST_KEY_UISupportedInterfaceOrientations_iPhone = "UIInterfaceOrientationPortrait UIInterfaceOrientationLandscapeLeft UIInterfaceOrientationLandscapeRight";
				IPHONEOS_DEPLOYMENT_TARGET = 14.0;
				LD_RUNPATH_SEARCH_PATHS = (
					"$(inherited)",
					"@executable_path/Frameworks",
				);
				MARKETING_VERSION = 1.0;
				PRODUCT_BUNDLE_IDENTIFIER = com.todordimitrov.ClipCrop;
				PRODUCT_NAME = "$(TARGET_NAME)";
				SWIFT_EMIT_LOC_STRINGS = YES;
				SWIFT_VERSION = 5.0;
				TARGETED_DEVICE_FAMILY = "1,2";
			};
			name = Debug;
		};
		D4F5B1702921540000362105 /* Release */ = {
			isa = XCBuildConfiguration;
			buildSettings = {
				ASSETCATALOG_COMPILER_APPICON_NAME = AppIcon;
				ASSETCATALOG_COMPILER_GLOBAL_ACCENT_COLOR_NAME = AccentColor;
				CODE_SIGN_STYLE = Automatic;
				CURRENT_PROJECT_VERSION = 1;
				DEVELOPMENT_TEAM = Q8998CJRX2;
				GENERATE_INFOPLIST_FILE = YES;
				INFOPLIST_FILE = ClipCrop/System/Info.plist;
				INFOPLIST_KEY_UIApplicationSupportsIndirectInputEvents = YES;
				INFOPLIST_KEY_UILaunchStoryboardName = LaunchScreen;
				INFOPLIST_KEY_UIMainStoryboardFile = Main;
				INFOPLIST_KEY_UISupportedInterfaceOrientations_iPad = "UIInterfaceOrientationPortrait UIInterfaceOrientationPortraitUpsideDown UIInterfaceOrientationLandscapeLeft UIInterfaceOrientationLandscapeRight";
				INFOPLIST_KEY_UISupportedInterfaceOrientations_iPhone = "UIInterfaceOrientationPortrait UIInterfaceOrientationLandscapeLeft UIInterfaceOrientationLandscapeRight";
				IPHONEOS_DEPLOYMENT_TARGET = 14.0;
				LD_RUNPATH_SEARCH_PATHS = (
					"$(inherited)",
					"@executable_path/Frameworks",
				);
				MARKETING_VERSION = 1.0;
				PRODUCT_BUNDLE_IDENTIFIER = com.todordimitrov.ClipCrop;
				PRODUCT_NAME = "$(TARGET_NAME)";
				SWIFT_EMIT_LOC_STRINGS = YES;
				SWIFT_VERSION = 5.0;
				TARGETED_DEVICE_FAMILY = "1,2";
			};
			name = Release;
		};
/* End XCBuildConfiguration section */

/* Begin XCConfigurationList section */
		D4F5B155292153FF00362105 /* Build configuration list for PBXProject "ClipCrop" */ = {
			isa = XCConfigurationList;
			buildConfigurations = (
				D4F5B16C2921540000362105 /* Debug */,
				D4F5B16D2921540000362105 /* Release */,
			);
			defaultConfigurationIsVisible = 0;
			defaultConfigurationName = Release;
		};
		D4F5B16E2921540000362105 /* Build configuration list for PBXNativeTarget "ClipCrop" */ = {
			isa = XCConfigurationList;
			buildConfigurations = (
				D4F5B16F2921540000362105 /* Debug */,
				D4F5B1702921540000362105 /* Release */,
			);
			defaultConfigurationIsVisible = 0;
			defaultConfigurationName = Release;
		};
/* End XCConfigurationList section */

/* Begin XCRemoteSwiftPackageReference section */
		D46813F82922D5F3009D9290 /* XCRemoteSwiftPackageReference "BackgroundRemoval" */ = {
			isa = XCRemoteSwiftPackageReference;
			repositoryURL = "https://github.com/Ezaldeen99/BackgroundRemoval.git";
			requirement = {
				branch = main;
				kind = branch;
			};
		};
		D4F5B1712921552900362105 /* XCRemoteSwiftPackageReference "FYPhoto" */ = {
			isa = XCRemoteSwiftPackageReference;
			repositoryURL = "https://github.com/T2Je/FYPhoto";
			requirement = {
				kind = upToNextMajorVersion;
				minimumVersion = 2.0.0;
			};
		};
/* End XCRemoteSwiftPackageReference section */

/* Begin XCSwiftPackageProductDependency section */
		D46813F92922D5F3009D9290 /* BackgroundRemoval */ = {
			isa = XCSwiftPackageProductDependency;
			package = D46813F82922D5F3009D9290 /* XCRemoteSwiftPackageReference "BackgroundRemoval" */;
			productName = BackgroundRemoval;
		};
		D4F5B1722921552900362105 /* FYPhoto */ = {
			isa = XCSwiftPackageProductDependency;
			package = D4F5B1712921552900362105 /* XCRemoteSwiftPackageReference "FYPhoto" */;
			productName = FYPhoto;
		};
/* End XCSwiftPackageProductDependency section */
	};
	rootObject = D4F5B152292153FF00362105 /* Project object */;
}
